
Microsoft Visual Studio Solution File, Format Version 12.00
# Visual Studio Version 17
VisualStudioVersion = 17.6.33829.357
MinimumVisualStudioVersion = 10.0.40219.1
Project("{9A19103F-16F7-4668-BE54-9A1E7A4F7556}") = "HangfireTest", "HangfireTest.csproj", "{7F451097-38AC-4607-951B-BBB343B284B1}"
EndProject
Project("{9A19103F-16F7-4668-BE54-9A1E7A4F7556}") = "ActIntelligenceService", "..\..\ActDev\src\Services\ActIntelligenceService\ActIntelligenceService.csproj", "{38F0A6F0-EA1C-47BD-BC43-FB576E1E4285}"
EndProject
Project("{9A19103F-16F7-4668-BE54-9A1E7A4F7556}") = "FileCopyConsoleApp", "..\FileCopyConsoleApp\FileCopyConsoleApp.csproj", "{D7CEDF7C-06F6-47F4-854F-3E840933C5CD}"
EndProject
Project("{9A19103F-16F7-4668-BE54-9A1E7A4F7556}") = "IntelligenceServiceTest", "..\..\ActDev\src\Services\tests\Unit\IntelligenceServiceTest\IntelligenceServiceTest.csproj", "{30805F50-FB7C-402D-ADA2-B7247134D890}"
EndProject
Project("{FAE04EC0-301F-11D3-BF4B-00C04F79EFBC}") = "ActCommon", "..\..\ActDev\src\ActCommon\ActCommon.csproj", "{676A8A4F-EA44-4017-8903-928884CD355B}"
EndProject
Project("{FAE04EC0-301F-11D3-BF4B-00C04F79EFBC}") = "MediaProcessingJobsSystem", "..\MediaProcessingJobsSystem\MediaProcessingJobsSystem.csproj", "{B7139948-1B7D-45B7-9F2B-39FB0727391D}"
EndProject
Project("{FAE04EC0-301F-11D3-BF4B-00C04F79EFBC}") = "AiServices", "..\AiServices\AiServices.csproj", "{31230230-E757-42BB-88F7-03B49D2F3B87}"
EndProject
Project("{9A19103F-16F7-4668-BE54-9A1E7A4F7556}") = "ActAccountManager", "..\..\ActDev\src\Services\ActAccountManager\ActAccountManager.csproj", "{041F8CCD-9882-433B-8A55-92BB823A573C}"
EndProject
Global
	GlobalSection(SolutionConfigurationPlatforms) = preSolution
		Debug|Any CPU = Debug|Any CPU
		Release|Any CPU = Release|Any CPU
	EndGlobalSection
	GlobalSection(ProjectConfigurationPlatforms) = postSolution
		{7F451097-38AC-4607-951B-BBB343B284B1}.Debug|Any CPU.ActiveCfg = Debug|Any CPU
		{7F451097-38AC-4607-951B-BBB343B284B1}.Debug|Any CPU.Build.0 = Debug|Any CPU
		{7F451097-38AC-4607-951B-BBB343B284B1}.Release|Any CPU.ActiveCfg = Release|Any CPU
		{7F451097-38AC-4607-951B-BBB343B284B1}.Release|Any CPU.Build.0 = Release|Any CPU
		{38F0A6F0-EA1C-47BD-BC43-FB576E1E4285}.Debug|Any CPU.ActiveCfg = Debug|Any CPU
		{38F0A6F0-EA1C-47BD-BC43-FB576E1E4285}.Debug|Any CPU.Build.0 = Debug|Any CPU
		{38F0A6F0-EA1C-47BD-BC43-FB576E1E4285}.Release|Any CPU.ActiveCfg = Release|Any CPU
		{38F0A6F0-EA1C-47BD-BC43-FB576E1E4285}.Release|Any CPU.Build.0 = Release|Any CPU
		{D7CEDF7C-06F6-47F4-854F-3E840933C5CD}.Debug|Any CPU.ActiveCfg = Debug|Any CPU
		{D7CEDF7C-06F6-47F4-854F-3E840933C5CD}.Debug|Any CPU.Build.0 = Debug|Any CPU
		{D7CEDF7C-06F6-47F4-854F-3E840933C5CD}.Release|Any CPU.ActiveCfg = Release|Any CPU
		{D7CEDF7C-06F6-47F4-854F-3E840933C5CD}.Release|Any CPU.Build.0 = Release|Any CPU
		{30805F50-FB7C-402D-ADA2-B7247134D890}.Debug|Any CPU.ActiveCfg = Debug|Any CPU
		{30805F50-FB7C-402D-ADA2-B7247134D890}.Debug|Any CPU.Build.0 = Debug|Any CPU
		{30805F50-FB7C-402D-ADA2-B7247134D890}.Release|Any CPU.ActiveCfg = Release|Any CPU
		{30805F50-FB7C-402D-ADA2-B7247134D890}.Release|Any CPU.Build.0 = Release|Any CPU
		{676A8A4F-EA44-4017-8903-928884CD355B}.Debug|Any CPU.ActiveCfg = Debug|Any CPU
		{676A8A4F-EA44-4017-8903-928884CD355B}.Debug|Any CPU.Build.0 = Debug|Any CPU
		{676A8A4F-EA44-4017-8903-928884CD355B}.Release|Any CPU.ActiveCfg = Release|Any CPU
		{676A8A4F-EA44-4017-8903-928884CD355B}.Release|Any CPU.Build.0 = Release|Any CPU
		{B7139948-1B7D-45B7-9F2B-39FB0727391D}.Debug|Any CPU.ActiveCfg = Debug|Any CPU
		{B7139948-1B7D-45B7-9F2B-39FB0727391D}.Debug|Any CPU.Build.0 = Debug|Any CPU
		{B7139948-1B7D-45B7-9F2B-39FB0727391D}.Release|Any CPU.ActiveCfg = Release|Any CPU
		{B7139948-1B7D-45B7-9F2B-39FB0727391D}.Release|Any CPU.Build.0 = Release|Any CPU
		{31230230-E757-42BB-88F7-03B49D2F3B87}.Debug|Any CPU.ActiveCfg = Debug|Any CPU
		{31230230-E757-42BB-88F7-03B49D2F3B87}.Debug|Any CPU.Build.0 = Debug|Any CPU
		{31230230-E757-42BB-88F7-03B49D2F3B87}.Release|Any CPU.ActiveCfg = Release|Any CPU
		{31230230-E757-42BB-88F7-03B49D2F3B87}.Release|Any CPU.Build.0 = Release|Any CPU
		{041F8CCD-9882-433B-8A55-92BB823A573C}.Debug|Any CPU.ActiveCfg = Debug|Any CPU
		{041F8CCD-9882-433B-8A55-92BB823A573C}.Debug|Any CPU.Build.0 = Debug|Any CPU
		{041F8CCD-9882-433B-8A55-92BB823A573C}.Release|Any CPU.ActiveCfg = Release|Any CPU
		{041F8CCD-9882-433B-8A55-92BB823A573C}.Release|Any CPU.Build.0 = Release|Any CPU
	EndGlobalSection
	GlobalSection(SolutionProperties) = preSolution
		HideSolutionNode = FALSE
	EndGlobalSection
	GlobalSection(ExtensibilityGlobals) = postSolution
		SolutionGuid = {C839327E-C312-410E-AF59-DC3B0D595AD3}
	EndGlobalSection
EndGlobal
